{"version":4,"terraform_version":"1.10.5","serial":5,"lineage":"cd8bd3c6-b21f-0a26-f04c-87e23d708af6","outputs":{"gateway_url":{"value":"http://localhost:8080","type":"string"},"rabbit_ui":{"value":"http://localhost:15672","type":"string"}},"resources":[{"mode":"managed","type":"docker_container","name":"api_gateway","provider":"provider[\"registry.opentofu.org/kreuzwerker/docker\"]","instances":[{"schema_version":2,"attributes":{"attach":false,"bridge":"","capabilities":[],"cgroup_parent":null,"cgroupns_mode":null,"command":["nginx","-g","daemon off;"],"container_logs":null,"container_read_refresh_timeout_milliseconds":15000,"cpu_period":null,"cpu_quota":null,"cpu_set":"","cpu_shares":0,"cpus":null,"destroy_grace_seconds":null,"devices":[],"dns":null,"dns_opts":null,"dns_search":null,"domainname":"","entrypoint":["/docker-entrypoint.sh"],"env":[],"exit_code":null,"gpus":null,"group_add":null,"healthcheck":null,"host":[],"hostname":"152f35ef6d17","id":"152f35ef6d170438a3324ce82c0a54c28262dced7f95836f4a75e0f8bc148adc","image":"nginx:alpine","init":false,"ipc_mode":"private","labels":[],"log_driver":"json-file","log_opts":null,"logs":false,"max_retry_count":0,"memory":0,"memory_swap":0,"mounts":[{"bind_options":[],"read_only":true,"source":"C:/Users/User/Documents/GitHub/agendamiento/infra/../gateway/nginx.conf","target":"/etc/nginx/conf.d/default.conf","tmpfs_options":[],"type":"bind","volume_options":[]}],"must_run":true,"name":"api_gateway","network_data":[{"gateway":"172.22.0.1","global_ipv6_address":"","global_ipv6_prefix_length":0,"ip_address":"172.22.0.8","ip_prefix_length":16,"ipv6_gateway":"","mac_address":"02:42:ac:16:00:08","network_name":"mynet"}],"network_mode":"bridge","networks_advanced":[{"aliases":[],"ipv4_address":"","ipv6_address":"","name":"mynet"}],"pid_mode":"","ports":[{"external":8080,"internal":80,"ip":"0.0.0.0","protocol":"tcp"}],"privileged":false,"publish_all_ports":false,"read_only":false,"remove_volumes":true,"restart":"unless-stopped","rm":false,"runtime":"runc","security_opts":[],"shm_size":64,"start":true,"stdin_open":false,"stop_signal":"SIGQUIT","stop_timeout":0,"storage_opts":null,"sysctls":null,"tmpfs":null,"tty":false,"ulimit":[],"upload":[],"user":"","userns_mode":"","volumes":[],"wait":false,"wait_timeout":60,"working_dir":"/"},"sensitive_attributes":[],"private":"eyJzY2hlbWFfdmVyc2lvbiI6IjIifQ==","dependencies":["docker_container.mcs_agendamiento","docker_container.mcs_medicos","docker_container.mcs_notificaciones","docker_container.mcs_pacientes","docker_container.mysql","docker_container.rabbit","docker_image.img_mcs_agenda","docker_image.img_mcs_medicos","docker_image.img_mcs_notifs","docker_image.img_mcs_pacientes","docker_image.img_mysql","docker_image.img_nginx","docker_image.img_rabbit","docker_network.mynet"]}]},{"mode":"managed","type":"docker_container","name":"frontend","provider":"provider[\"registry.opentofu.org/kreuzwerker/docker\"]","instances":[{"schema_version":2,"attributes":{"attach":false,"bridge":"","capabilities":[],"cgroup_parent":null,"cgroupns_mode":null,"command":["npm","run","dev","--","--host","0.0.0.0","--port","5173"],"container_logs":null,"container_read_refresh_timeout_milliseconds":15000,"cpu_period":null,"cpu_quota":null,"cpu_set":"","cpu_shares":0,"cpus":null,"destroy_grace_seconds":null,"devices":[],"dns":null,"dns_opts":null,"dns_search":null,"domainname":"","entrypoint":["docker-entrypoint.sh"],"env":[],"exit_code":null,"gpus":null,"group_add":null,"healthcheck":null,"host":[],"hostname":"bc275b8da1b7","id":"bc275b8da1b72c8be3d269fa6cb6ef02dc8d5b372495ccbe5fbd062d0c1fbda9","image":"frontend:local","init":false,"ipc_mode":"private","labels":[],"log_driver":"json-file","log_opts":null,"logs":false,"max_retry_count":0,"memory":0,"memory_swap":0,"mounts":[{"bind_options":[],"read_only":false,"source":"","target":"/app/node_modules","tmpfs_options":[],"type":"volume","volume_options":[]},{"bind_options":[],"read_only":false,"source":"C:/Users/User/Documents/GitHub/agendamiento/infra/../frontend","target":"/app","tmpfs_options":[],"type":"bind","volume_options":[]}],"must_run":true,"name":"frontend","network_data":[{"gateway":"172.22.0.1","global_ipv6_address":"","global_ipv6_prefix_length":0,"ip_address":"172.22.0.9","ip_prefix_length":16,"ipv6_gateway":"","mac_address":"02:42:ac:16:00:09","network_name":"mynet"}],"network_mode":"bridge","networks_advanced":[{"aliases":["frontend"],"ipv4_address":"","ipv6_address":"","name":"mynet"}],"pid_mode":"","ports":[{"external":5173,"internal":5173,"ip":"0.0.0.0","protocol":"tcp"}],"privileged":false,"publish_all_ports":false,"read_only":false,"remove_volumes":true,"restart":"unless-stopped","rm":false,"runtime":"runc","security_opts":[],"shm_size":64,"start":true,"stdin_open":false,"stop_signal":"","stop_timeout":0,"storage_opts":null,"sysctls":null,"tmpfs":null,"tty":false,"ulimit":[],"upload":[],"user":"","userns_mode":"","volumes":[],"wait":false,"wait_timeout":60,"working_dir":"/app"},"sensitive_attributes":[],"private":"eyJzY2hlbWFfdmVyc2lvbiI6IjIifQ==","dependencies":["docker_container.api_gateway","docker_container.mcs_agendamiento","docker_container.mcs_medicos","docker_container.mcs_notificaciones","docker_container.mcs_pacientes","docker_container.mysql","docker_container.rabbit","docker_image.img_frontend","docker_image.img_mcs_agenda","docker_image.img_mcs_medicos","docker_image.img_mcs_notifs","docker_image.img_mcs_pacientes","docker_image.img_mysql","docker_image.img_nginx","docker_image.img_rabbit","docker_network.mynet"]}]},{"mode":"managed","type":"docker_container","name":"mcs_agendamiento","provider":"provider[\"registry.opentofu.org/kreuzwerker/docker\"]","instances":[{"schema_version":2,"attributes":{"attach":false,"bridge":"","capabilities":[],"cgroup_parent":null,"cgroupns_mode":null,"command":[],"container_logs":null,"container_read_refresh_timeout_milliseconds":15000,"cpu_period":null,"cpu_quota":null,"cpu_set":"","cpu_shares":0,"cpus":null,"destroy_grace_seconds":null,"devices":[],"dns":null,"dns_opts":null,"dns_search":null,"domainname":"","entrypoint":["java","-jar","/app/app.jar"],"env":["DB_HOST=mysql","DB_NAME=agendadb","DB_PASSWORD=root","DB_USER=root","MEDICOS_URL=http://mcs-medicos:8082","PACIENTES_URL=http://mcs-pacientes:8083","PORT=8081","RABBIT_EXCHANGE=citas.exchange","RABBIT_HOST=rabbit","RABBIT_ROUTING_CITA=cita.confirmada"],"exit_code":null,"gpus":null,"group_add":null,"healthcheck":null,"host":[],"hostname":"d60653c4a620","id":"d60653c4a620b74442cca3e8a832093b7fb1c6b4746f9eaeb8de41b982f5c3f3","image":"mcs_agendamiento:local","init":false,"ipc_mode":"private","labels":[],"log_driver":"json-file","log_opts":null,"logs":false,"max_retry_count":0,"memory":0,"memory_swap":0,"mounts":[],"must_run":true,"name":"mcs_agendamiento","network_data":[{"gateway":"172.22.0.1","global_ipv6_address":"","global_ipv6_prefix_length":0,"ip_address":"172.22.0.6","ip_prefix_length":16,"ipv6_gateway":"","mac_address":"02:42:ac:16:00:06","network_name":"mynet"}],"network_mode":"bridge","networks_advanced":[{"aliases":["mcs-agendamiento"],"ipv4_address":"","ipv6_address":"","name":"mynet"}],"pid_mode":"","ports":[{"external":8081,"internal":8081,"ip":"0.0.0.0","protocol":"tcp"}],"privileged":false,"publish_all_ports":false,"read_only":false,"remove_volumes":true,"restart":"unless-stopped","rm":false,"runtime":"runc","security_opts":[],"shm_size":64,"start":true,"stdin_open":false,"stop_signal":"","stop_timeout":0,"storage_opts":null,"sysctls":null,"tmpfs":null,"tty":false,"ulimit":[],"upload":[],"user":"","userns_mode":"","volumes":[],"wait":false,"wait_timeout":60,"working_dir":"/app"},"sensitive_attributes":[],"private":"eyJzY2hlbWFfdmVyc2lvbiI6IjIifQ==","dependencies":["docker_container.mcs_medicos","docker_container.mcs_pacientes","docker_container.mysql","docker_container.rabbit","docker_image.img_mcs_agenda","docker_image.img_mcs_medicos","docker_image.img_mcs_pacientes","docker_image.img_mysql","docker_image.img_rabbit","docker_network.mynet"]}]},{"mode":"managed","type":"docker_container","name":"mcs_medicos","provider":"provider[\"registry.opentofu.org/kreuzwerker/docker\"]","instances":[{"schema_version":2,"attributes":{"attach":false,"bridge":"","capabilities":[],"cgroup_parent":null,"cgroupns_mode":null,"command":[],"container_logs":null,"container_read_refresh_timeout_milliseconds":15000,"cpu_period":null,"cpu_quota":null,"cpu_set":"","cpu_shares":0,"cpus":null,"destroy_grace_seconds":null,"devices":[],"dns":null,"dns_opts":null,"dns_search":null,"domainname":"","entrypoint":["java","-jar","/app/app.jar"],"env":["DB_HOST=mysql","DB_NAME=medicosdb","DB_PASSWORD=root","DB_USER=root","PORT=8082"],"exit_code":null,"gpus":null,"group_add":null,"healthcheck":null,"host":[],"hostname":"c31842f0f322","id":"c31842f0f322a41df484b73ba137e3445df66238f262b659bfe99bb418f1917c","image":"mcs_medicos:local","init":false,"ipc_mode":"private","labels":[],"log_driver":"json-file","log_opts":null,"logs":false,"max_retry_count":0,"memory":0,"memory_swap":0,"mounts":[],"must_run":true,"name":"mcs_medicos","network_data":[{"gateway":"172.22.0.1","global_ipv6_address":"","global_ipv6_prefix_length":0,"ip_address":"172.22.0.5","ip_prefix_length":16,"ipv6_gateway":"","mac_address":"02:42:ac:16:00:05","network_name":"mynet"}],"network_mode":"bridge","networks_advanced":[{"aliases":["mcs-medicos"],"ipv4_address":"","ipv6_address":"","name":"mynet"}],"pid_mode":"","ports":[{"external":8082,"internal":8082,"ip":"0.0.0.0","protocol":"tcp"}],"privileged":false,"publish_all_ports":false,"read_only":false,"remove_volumes":true,"restart":"unless-stopped","rm":false,"runtime":"runc","security_opts":[],"shm_size":64,"start":true,"stdin_open":false,"stop_signal":"","stop_timeout":0,"storage_opts":null,"sysctls":null,"tmpfs":null,"tty":false,"ulimit":[],"upload":[],"user":"","userns_mode":"","volumes":[],"wait":false,"wait_timeout":60,"working_dir":"/app"},"sensitive_attributes":[],"private":"eyJzY2hlbWFfdmVyc2lvbiI6IjIifQ==","dependencies":["docker_container.mysql","docker_image.img_mcs_medicos","docker_image.img_mysql","docker_network.mynet"]}]},{"mode":"managed","type":"docker_container","name":"mcs_notificaciones","provider":"provider[\"registry.opentofu.org/kreuzwerker/docker\"]","instances":[{"schema_version":2,"attributes":{"attach":false,"bridge":"","capabilities":[],"cgroup_parent":null,"cgroupns_mode":null,"command":[],"container_logs":null,"container_read_refresh_timeout_milliseconds":15000,"cpu_period":null,"cpu_quota":null,"cpu_set":"","cpu_shares":0,"cpus":null,"destroy_grace_seconds":null,"devices":[],"dns":null,"dns_opts":null,"dns_search":null,"domainname":"","entrypoint":["java","-jar","/app/app.jar"],"env":["DB_HOST=mysql","DB_NAME=notifsdb","DB_PASSWORD=root","DB_USER=root","PORT=8084","RABBIT_EXCHANGE=citas.exchange","RABBIT_HOST=rabbit","RABBIT_QUEUE_CITA=notifs.cita.confirmada.q","RABBIT_ROUTING_CITA=cita.confirmada"],"exit_code":null,"gpus":null,"group_add":null,"healthcheck":null,"host":[],"hostname":"21544ec2720d","id":"21544ec2720dd0fdf141d0096d1413edffda42b6534ccbd1c765ef5a8080f0e3","image":"mcs_notificaciones:local","init":false,"ipc_mode":"private","labels":[],"log_driver":"json-file","log_opts":null,"logs":false,"max_retry_count":0,"memory":0,"memory_swap":0,"mounts":[],"must_run":true,"name":"mcs_notificaciones","network_data":[{"gateway":"172.22.0.1","global_ipv6_address":"","global_ipv6_prefix_length":0,"ip_address":"172.22.0.7","ip_prefix_length":16,"ipv6_gateway":"","mac_address":"02:42:ac:16:00:07","network_name":"mynet"}],"network_mode":"bridge","networks_advanced":[{"aliases":["mcs-notificaciones"],"ipv4_address":"","ipv6_address":"","name":"mynet"}],"pid_mode":"","ports":[{"external":8084,"internal":8084,"ip":"0.0.0.0","protocol":"tcp"}],"privileged":false,"publish_all_ports":false,"read_only":false,"remove_volumes":true,"restart":"unless-stopped","rm":false,"runtime":"runc","security_opts":[],"shm_size":64,"start":true,"stdin_open":false,"stop_signal":"","stop_timeout":0,"storage_opts":null,"sysctls":null,"tmpfs":null,"tty":false,"ulimit":[],"upload":[],"user":"","userns_mode":"","volumes":[],"wait":false,"wait_timeout":60,"working_dir":"/app"},"sensitive_attributes":[],"private":"eyJzY2hlbWFfdmVyc2lvbiI6IjIifQ==","dependencies":["docker_container.mysql","docker_container.rabbit","docker_image.img_mcs_notifs","docker_image.img_mysql","docker_image.img_rabbit","docker_network.mynet"]}]},{"mode":"managed","type":"docker_container","name":"mcs_pacientes","provider":"provider[\"registry.opentofu.org/kreuzwerker/docker\"]","instances":[{"schema_version":2,"attributes":{"attach":false,"bridge":"","capabilities":[],"cgroup_parent":null,"cgroupns_mode":null,"command":[],"container_logs":null,"container_read_refresh_timeout_milliseconds":15000,"cpu_period":null,"cpu_quota":null,"cpu_set":"","cpu_shares":0,"cpus":null,"destroy_grace_seconds":null,"devices":[],"dns":null,"dns_opts":null,"dns_search":null,"domainname":"","entrypoint":["java","-jar","/app/app.jar"],"env":["DB_HOST=mysql","DB_NAME=pacientesdb","DB_PASSWORD=root","DB_USER=root","PORT=8083"],"exit_code":null,"gpus":null,"group_add":null,"healthcheck":null,"host":[],"hostname":"9eed21b3524a","id":"9eed21b3524a27d252584ab97e94d86a69fc445f04188cfb788506d0e6e08a53","image":"mcs_pacientes:local","init":false,"ipc_mode":"private","labels":[],"log_driver":"json-file","log_opts":null,"logs":false,"max_retry_count":0,"memory":0,"memory_swap":0,"mounts":[],"must_run":true,"name":"mcs_pacientes","network_data":[{"gateway":"172.22.0.1","global_ipv6_address":"","global_ipv6_prefix_length":0,"ip_address":"172.22.0.4","ip_prefix_length":16,"ipv6_gateway":"","mac_address":"02:42:ac:16:00:04","network_name":"mynet"}],"network_mode":"bridge","networks_advanced":[{"aliases":["mcs-pacientes"],"ipv4_address":"","ipv6_address":"","name":"mynet"}],"pid_mode":"","ports":[{"external":8083,"internal":8083,"ip":"0.0.0.0","protocol":"tcp"}],"privileged":false,"publish_all_ports":false,"read_only":false,"remove_volumes":true,"restart":"unless-stopped","rm":false,"runtime":"runc","security_opts":[],"shm_size":64,"start":true,"stdin_open":false,"stop_signal":"","stop_timeout":0,"storage_opts":null,"sysctls":null,"tmpfs":null,"tty":false,"ulimit":[],"upload":[],"user":"","userns_mode":"","volumes":[],"wait":false,"wait_timeout":60,"working_dir":"/app"},"sensitive_attributes":[],"private":"eyJzY2hlbWFfdmVyc2lvbiI6IjIifQ==","dependencies":["docker_container.mysql","docker_image.img_mcs_pacientes","docker_image.img_mysql","docker_network.mynet"]}]},{"mode":"managed","type":"docker_container","name":"mysql","provider":"provider[\"registry.opentofu.org/kreuzwerker/docker\"]","instances":[{"schema_version":2,"attributes":{"attach":false,"bridge":"","capabilities":[],"cgroup_parent":null,"cgroupns_mode":null,"command":["mysqld"],"container_logs":null,"container_read_refresh_timeout_milliseconds":15000,"cpu_period":null,"cpu_quota":null,"cpu_set":"","cpu_shares":0,"cpus":null,"destroy_grace_seconds":null,"devices":[],"dns":null,"dns_opts":null,"dns_search":null,"domainname":"","entrypoint":["docker-entrypoint.sh"],"env":["MYSQL_ROOT_PASSWORD=root"],"exit_code":null,"gpus":null,"group_add":null,"healthcheck":[{"interval":"5s","retries":40,"start_interval":"0s","start_period":"0s","test":["CMD-SHELL","mysqladmin ping -proot | grep 'mysqld is alive'"],"timeout":"3s"}],"host":[],"hostname":"3d57b0d91a82","id":"3d57b0d91a82ee4be26dbefa4b49d4f6e471546126b877024bf5e2cf35a2ecd9","image":"mysql:8.4","init":false,"ipc_mode":"private","labels":[],"log_driver":"json-file","log_opts":null,"logs":false,"max_retry_count":0,"memory":0,"memory_swap":0,"mounts":[{"bind_options":[],"read_only":false,"source":"C:/Users/User/Documents/GitHub/agendamiento/infra/../mysql-init","target":"/docker-entrypoint-initdb.d","tmpfs_options":[],"type":"bind","volume_options":[]}],"must_run":true,"name":"mysql","network_data":[{"gateway":"172.22.0.1","global_ipv6_address":"","global_ipv6_prefix_length":0,"ip_address":"172.22.0.2","ip_prefix_length":16,"ipv6_gateway":"","mac_address":"02:42:ac:16:00:02","network_name":"mynet"}],"network_mode":"bridge","networks_advanced":[{"aliases":["mysql"],"ipv4_address":"","ipv6_address":"","name":"mynet"}],"pid_mode":"","ports":[{"external":3306,"internal":3306,"ip":"0.0.0.0","protocol":"tcp"}],"privileged":false,"publish_all_ports":false,"read_only":false,"remove_volumes":true,"restart":"unless-stopped","rm":false,"runtime":"runc","security_opts":[],"shm_size":64,"start":true,"stdin_open":false,"stop_signal":"","stop_timeout":0,"storage_opts":null,"sysctls":null,"tmpfs":null,"tty":false,"ulimit":[],"upload":[],"user":"","userns_mode":"","volumes":[],"wait":false,"wait_timeout":60,"working_dir":"/"},"sensitive_attributes":[],"private":"eyJzY2hlbWFfdmVyc2lvbiI6IjIifQ==","dependencies":["docker_image.img_mysql","docker_network.mynet"]}]},{"mode":"managed","type":"docker_container","name":"rabbit","provider":"provider[\"registry.opentofu.org/kreuzwerker/docker\"]","instances":[{"schema_version":2,"attributes":{"attach":false,"bridge":"","capabilities":[],"cgroup_parent":null,"cgroupns_mode":null,"command":["rabbitmq-server"],"container_logs":null,"container_read_refresh_timeout_milliseconds":15000,"cpu_period":null,"cpu_quota":null,"cpu_set":"","cpu_shares":0,"cpus":null,"destroy_grace_seconds":null,"devices":[],"dns":null,"dns_opts":null,"dns_search":null,"domainname":"","entrypoint":["docker-entrypoint.sh"],"env":[],"exit_code":null,"gpus":null,"group_add":null,"healthcheck":[{"interval":"5s","retries":40,"start_interval":"0s","start_period":"0s","test":["CMD","rabbitmq-diagnostics","-q","ping"],"timeout":"5s"}],"host":[],"hostname":"563a1060f83b","id":"563a1060f83b002c85b2c3fccad1e4a8307be78d3552ce3faffb923d4f68bf34","image":"rabbitmq:3.13-management","init":false,"ipc_mode":"private","labels":[],"log_driver":"json-file","log_opts":null,"logs":false,"max_retry_count":0,"memory":0,"memory_swap":0,"mounts":[],"must_run":true,"name":"rabbit","network_data":[{"gateway":"172.22.0.1","global_ipv6_address":"","global_ipv6_prefix_length":0,"ip_address":"172.22.0.3","ip_prefix_length":16,"ipv6_gateway":"","mac_address":"02:42:ac:16:00:03","network_name":"mynet"}],"network_mode":"bridge","networks_advanced":[{"aliases":["rabbit"],"ipv4_address":"","ipv6_address":"","name":"mynet"}],"pid_mode":"","ports":[{"external":5672,"internal":5672,"ip":"0.0.0.0","protocol":"tcp"},{"external":15672,"internal":15672,"ip":"0.0.0.0","protocol":"tcp"}],"privileged":false,"publish_all_ports":false,"read_only":false,"remove_volumes":true,"restart":"unless-stopped","rm":false,"runtime":"runc","security_opts":[],"shm_size":64,"start":true,"stdin_open":false,"stop_signal":"","stop_timeout":0,"storage_opts":null,"sysctls":null,"tmpfs":null,"tty":false,"ulimit":[],"upload":[],"user":"","userns_mode":"","volumes":[],"wait":false,"wait_timeout":60,"working_dir":""},"sensitive_attributes":[],"private":"eyJzY2hlbWFfdmVyc2lvbiI6IjIifQ==","dependencies":["docker_image.img_rabbit","docker_network.mynet"]}]},{"mode":"managed","type":"docker_image","name":"img_frontend","provider":"provider[\"registry.opentofu.org/kreuzwerker/docker\"]","instances":[{"schema_version":0,"attributes":{"build":[{"auth_config":[],"build_args":null,"build_id":"","build_log_file":"","builder":"","cache_from":[],"cgroup_parent":"","context":"./../frontend","cpu_period":null,"cpu_quota":null,"cpu_set_cpus":"","cpu_set_mems":"","cpu_shares":null,"dockerfile":"Dockerfile","extra_hosts":[],"force_remove":null,"isolation":"","label":null,"labels":null,"memory":null,"memory_swap":null,"network_mode":"","no_cache":null,"platform":"","pull_parent":null,"remote_context":"","remove":true,"secrets":[],"security_opt":[],"session_id":"","shm_size":null,"squash":null,"suppress_output":null,"tag":[],"target":"","ulimit":[],"version":""}],"force_remove":null,"id":"sha256:fed4028f8887cd9778eb7cf97ad47a5328f7628a5eef570adcbaf760867e9d23frontend:local","image_id":"sha256:fed4028f8887cd9778eb7cf97ad47a5328f7628a5eef570adcbaf760867e9d23","keep_locally":true,"name":"frontend:local","platform":null,"pull_triggers":null,"repo_digest":"","timeouts":null,"triggers":null},"sensitive_attributes":[],"private":"eyJlMmJmYjczMC1lY2FhLTExZTYtOGY4OC0zNDM2M2JjN2M0YzAiOnsiY3JlYXRlIjoxMjAwMDAwMDAwMDAwLCJkZWxldGUiOjEyMDAwMDAwMDAwMDAsInVwZGF0ZSI6MTIwMDAwMDAwMDAwMH19"}]},{"mode":"managed","type":"docker_image","name":"img_mcs_agenda","provider":"provider[\"registry.opentofu.org/kreuzwerker/docker\"]","instances":[{"schema_version":0,"attributes":{"build":[{"auth_config":[],"build_args":null,"build_id":"","build_log_file":"","builder":"","cache_from":[],"cgroup_parent":"","context":"./../BACKEND/mcs_agendamiento","cpu_period":null,"cpu_quota":null,"cpu_set_cpus":"","cpu_set_mems":"","cpu_shares":null,"dockerfile":"Dockerfile","extra_hosts":[],"force_remove":null,"isolation":"","label":null,"labels":null,"memory":null,"memory_swap":null,"network_mode":"","no_cache":null,"platform":"","pull_parent":null,"remote_context":"","remove":true,"secrets":[],"security_opt":[],"session_id":"","shm_size":null,"squash":null,"suppress_output":null,"tag":[],"target":"","ulimit":[],"version":""}],"force_remove":null,"id":"sha256:0f77754a991be527bb4a54ae81f20d0e117792e1b5e66794cbc11b9e19199d80mcs_agendamiento:local","image_id":"sha256:0f77754a991be527bb4a54ae81f20d0e117792e1b5e66794cbc11b9e19199d80","keep_locally":true,"name":"mcs_agendamiento:local","platform":null,"pull_triggers":null,"repo_digest":"","timeouts":null,"triggers":null},"sensitive_attributes":[],"private":"eyJlMmJmYjczMC1lY2FhLTExZTYtOGY4OC0zNDM2M2JjN2M0YzAiOnsiY3JlYXRlIjoxMjAwMDAwMDAwMDAwLCJkZWxldGUiOjEyMDAwMDAwMDAwMDAsInVwZGF0ZSI6MTIwMDAwMDAwMDAwMH19"}]},{"mode":"managed","type":"docker_image","name":"img_mcs_medicos","provider":"provider[\"registry.opentofu.org/kreuzwerker/docker\"]","instances":[{"schema_version":0,"attributes":{"build":[{"auth_config":[],"build_args":null,"build_id":"","build_log_file":"","builder":"","cache_from":[],"cgroup_parent":"","context":"./../BACKEND/mcs_medicos","cpu_period":null,"cpu_quota":null,"cpu_set_cpus":"","cpu_set_mems":"","cpu_shares":null,"dockerfile":"Dockerfile","extra_hosts":[],"force_remove":null,"isolation":"","label":null,"labels":null,"memory":null,"memory_swap":null,"network_mode":"","no_cache":null,"platform":"","pull_parent":null,"remote_context":"","remove":true,"secrets":[],"security_opt":[],"session_id":"","shm_size":null,"squash":null,"suppress_output":null,"tag":[],"target":"","ulimit":[],"version":""}],"force_remove":null,"id":"sha256:74e4cad4da3c708c67403ee4cf41b1300801253cb0d1dd7998e769996e94160dmcs_medicos:local","image_id":"sha256:74e4cad4da3c708c67403ee4cf41b1300801253cb0d1dd7998e769996e94160d","keep_locally":true,"name":"mcs_medicos:local","platform":null,"pull_triggers":null,"repo_digest":"","timeouts":null,"triggers":null},"sensitive_attributes":[],"private":"eyJlMmJmYjczMC1lY2FhLTExZTYtOGY4OC0zNDM2M2JjN2M0YzAiOnsiY3JlYXRlIjoxMjAwMDAwMDAwMDAwLCJkZWxldGUiOjEyMDAwMDAwMDAwMDAsInVwZGF0ZSI6MTIwMDAwMDAwMDAwMH19"}]},{"mode":"managed","type":"docker_image","name":"img_mcs_notifs","provider":"provider[\"registry.opentofu.org/kreuzwerker/docker\"]","instances":[{"schema_version":0,"attributes":{"build":[{"auth_config":[],"build_args":null,"build_id":"","build_log_file":"","builder":"","cache_from":[],"cgroup_parent":"","context":"./../BACKEND/mcs_notificaciones","cpu_period":null,"cpu_quota":null,"cpu_set_cpus":"","cpu_set_mems":"","cpu_shares":null,"dockerfile":"Dockerfile","extra_hosts":[],"force_remove":null,"isolation":"","label":null,"labels":null,"memory":null,"memory_swap":null,"network_mode":"","no_cache":null,"platform":"","pull_parent":null,"remote_context":"","remove":true,"secrets":[],"security_opt":[],"session_id":"","shm_size":null,"squash":null,"suppress_output":null,"tag":[],"target":"","ulimit":[],"version":""}],"force_remove":null,"id":"sha256:6f7a8f98e31481ecccbff58bfd85d9f0e28d3a6a2679263b64d89167c625d625mcs_notificaciones:local","image_id":"sha256:6f7a8f98e31481ecccbff58bfd85d9f0e28d3a6a2679263b64d89167c625d625","keep_locally":true,"name":"mcs_notificaciones:local","platform":null,"pull_triggers":null,"repo_digest":"","timeouts":null,"triggers":null},"sensitive_attributes":[],"private":"eyJlMmJmYjczMC1lY2FhLTExZTYtOGY4OC0zNDM2M2JjN2M0YzAiOnsiY3JlYXRlIjoxMjAwMDAwMDAwMDAwLCJkZWxldGUiOjEyMDAwMDAwMDAwMDAsInVwZGF0ZSI6MTIwMDAwMDAwMDAwMH19"}]},{"mode":"managed","type":"docker_image","name":"img_mcs_pacientes","provider":"provider[\"registry.opentofu.org/kreuzwerker/docker\"]","instances":[{"schema_version":0,"attributes":{"build":[{"auth_config":[],"build_args":null,"build_id":"","build_log_file":"","builder":"","cache_from":[],"cgroup_parent":"","context":"./../BACKEND/mcs_pacientes","cpu_period":null,"cpu_quota":null,"cpu_set_cpus":"","cpu_set_mems":"","cpu_shares":null,"dockerfile":"Dockerfile","extra_hosts":[],"force_remove":null,"isolation":"","label":null,"labels":null,"memory":null,"memory_swap":null,"network_mode":"","no_cache":null,"platform":"","pull_parent":null,"remote_context":"","remove":true,"secrets":[],"security_opt":[],"session_id":"","shm_size":null,"squash":null,"suppress_output":null,"tag":[],"target":"","ulimit":[],"version":""}],"force_remove":null,"id":"sha256:39a78d831a10156455edc7aaaaf393257874d54f7587d698f0cfd2a7a4bb9a4cmcs_pacientes:local","image_id":"sha256:39a78d831a10156455edc7aaaaf393257874d54f7587d698f0cfd2a7a4bb9a4c","keep_locally":true,"name":"mcs_pacientes:local","platform":null,"pull_triggers":null,"repo_digest":"","timeouts":null,"triggers":null},"sensitive_attributes":[],"private":"eyJlMmJmYjczMC1lY2FhLTExZTYtOGY4OC0zNDM2M2JjN2M0YzAiOnsiY3JlYXRlIjoxMjAwMDAwMDAwMDAwLCJkZWxldGUiOjEyMDAwMDAwMDAwMDAsInVwZGF0ZSI6MTIwMDAwMDAwMDAwMH19"}]},{"mode":"managed","type":"docker_image","name":"img_mysql","provider":"provider[\"registry.opentofu.org/kreuzwerker/docker\"]","instances":[{"schema_version":0,"attributes":{"build":[],"force_remove":null,"id":"sha256:2db55517bc03908442b1e2e26452939896238cb3058e50dcc1416dc6d58a1991mysql:8.4","image_id":"sha256:2db55517bc03908442b1e2e26452939896238cb3058e50dcc1416dc6d58a1991","keep_locally":null,"name":"mysql:8.4","platform":null,"pull_triggers":null,"repo_digest":"mysql@sha256:ad394eabaf5d728b88fd79732d94091f2165379e9b43e9748364b8c094f26e14","timeouts":null,"triggers":null},"sensitive_attributes":[],"private":"eyJlMmJmYjczMC1lY2FhLTExZTYtOGY4OC0zNDM2M2JjN2M0YzAiOnsiY3JlYXRlIjoxMjAwMDAwMDAwMDAwLCJkZWxldGUiOjEyMDAwMDAwMDAwMDAsInVwZGF0ZSI6MTIwMDAwMDAwMDAwMH19"}]},{"mode":"managed","type":"docker_image","name":"img_nginx","provider":"provider[\"registry.opentofu.org/kreuzwerker/docker\"]","instances":[{"schema_version":0,"attributes":{"build":[],"force_remove":null,"id":"sha256:4a86014ec6994761b7f3118cf47e4b4fd6bac15fc6fa262c4f356386bbc0e9d9nginx:alpine","image_id":"sha256:4a86014ec6994761b7f3118cf47e4b4fd6bac15fc6fa262c4f356386bbc0e9d9","keep_locally":null,"name":"nginx:alpine","platform":null,"pull_triggers":null,"repo_digest":"nginx@sha256:42a516af16b852e33b7682d5ef8acbd5d13fe08fecadc7ed98605ba5e3b26ab8","timeouts":null,"triggers":null},"sensitive_attributes":[],"private":"eyJlMmJmYjczMC1lY2FhLTExZTYtOGY4OC0zNDM2M2JjN2M0YzAiOnsiY3JlYXRlIjoxMjAwMDAwMDAwMDAwLCJkZWxldGUiOjEyMDAwMDAwMDAwMDAsInVwZGF0ZSI6MTIwMDAwMDAwMDAwMH19"}]},{"mode":"managed","type":"docker_image","name":"img_rabbit","provider":"provider[\"registry.opentofu.org/kreuzwerker/docker\"]","instances":[{"schema_version":0,"attributes":{"build":[],"force_remove":null,"id":"sha256:5a76cde91c6680b5013313778f2a7ed86a0a8417ca0f7ec1fec8e34c0c165079rabbitmq:3.13-management","image_id":"sha256:5a76cde91c6680b5013313778f2a7ed86a0a8417ca0f7ec1fec8e34c0c165079","keep_locally":null,"name":"rabbitmq:3.13-management","platform":null,"pull_triggers":null,"repo_digest":"rabbitmq@sha256:977d4dc00b659ad1ae6445cc7e742cae526894a8dbef9aefea9d41f3951f3a09","timeouts":null,"triggers":null},"sensitive_attributes":[],"private":"eyJlMmJmYjczMC1lY2FhLTExZTYtOGY4OC0zNDM2M2JjN2M0YzAiOnsiY3JlYXRlIjoxMjAwMDAwMDAwMDAwLCJkZWxldGUiOjEyMDAwMDAwMDAwMDAsInVwZGF0ZSI6MTIwMDAwMDAwMDAwMH19"}]},{"mode":"managed","type":"docker_network","name":"mynet","provider":"provider[\"registry.opentofu.org/kreuzwerker/docker\"]","instances":[{"schema_version":1,"attributes":{"attachable":false,"check_duplicate":null,"driver":"bridge","id":"1c77d27c929c3ffbb1e1925569f953484b34b5644ffc1031e657e4f87a8afe42","ingress":false,"internal":false,"ipam_config":[{"aux_address":{},"gateway":"172.22.0.1","ip_range":"","subnet":"172.22.0.0/16"}],"ipam_driver":"default","ipam_options":null,"ipv6":false,"labels":[],"name":"mynet","options":{},"scope":"local"},"sensitive_attributes":[],"private":"eyJzY2hlbWFfdmVyc2lvbiI6IjEifQ=="}]}],"check_results":null}
